
Microsoft Visual Studio Solution File, Format Version 12.00
# Visual Studio Version 17
VisualStudioVersion = 17.0.31903.59
MinimumVisualStudioVersion = 10.0.40219.1
Project("{2150E333-8FDC-42A3-9474-1A3956D46DE8}") = "src", "src", "{827E0CD3-B72D-47B6-A68D-7590B98EB39B}"
EndProject
Project("{FAE04EC0-301F-11D3-BF4B-00C04F79EFBC}") = "N5.Permissions.Domain", "src\N5.Permissions.Domain\N5.Permissions.Domain.csproj", "{0F4C7062-A94C-4452-AEEA-35D359A8CCDB}"
EndProject
Project("{FAE04EC0-301F-11D3-BF4B-00C04F79EFBC}") = "N5.Permissions.Application", "src\N5.Permissions.Application\N5.Permissions.Application.csproj", "{250E3EBB-4253-4890-8CF8-E421AC6350B2}"
EndProject
Project("{FAE04EC0-301F-11D3-BF4B-00C04F79EFBC}") = "N5.Permissions.Infrastructure", "src\N5.Permissions.Infrastructure\N5.Permissions.Infrastructure.csproj", "{B3F6AC56-046F-4718-ABEA-94B3F17AB898}"
EndProject
Project("{FAE04EC0-301F-11D3-BF4B-00C04F79EFBC}") = "N5.Permissions.API", "src\N5.Permissions.API\N5.Permissions.API.csproj", "{8B55E568-5E17-43AD-A121-513946AA896A}"
EndProject
Project("{2150E333-8FDC-42A3-9474-1A3956D46DE8}") = "tests", "tests", "{0AB3BF05-4346-4AA6-1389-037BE0695223}"
EndProject
Project("{FAE04EC0-301F-11D3-BF4B-00C04F79EFBC}") = "N5.Permissions.UnitTests", "tests\N5.Permissions.UnitTests\N5.Permissions.UnitTests.csproj", "{13EAAB23-24E9-4648-A370-E0767CBFC701}"
EndProject
Project("{FAE04EC0-301F-11D3-BF4B-00C04F79EFBC}") = "N5.Permissions.IntegrationTests", "tests\N5.Permissions.IntegrationTests\N5.Permissions.IntegrationTests.csproj", "{3E4BE44C-B531-4DC1-98B1-C6A0F78B7822}"
EndProject
Global
	GlobalSection(SolutionConfigurationPlatforms) = preSolution
		Debug|Any CPU = Debug|Any CPU
		Debug|x64 = Debug|x64
		Debug|x86 = Debug|x86
		Release|Any CPU = Release|Any CPU
		Release|x64 = Release|x64
		Release|x86 = Release|x86
	EndGlobalSection
	GlobalSection(ProjectConfigurationPlatforms) = postSolution
		{0F4C7062-A94C-4452-AEEA-35D359A8CCDB}.Debug|Any CPU.ActiveCfg = Debug|Any CPU
		{0F4C7062-A94C-4452-AEEA-35D359A8CCDB}.Debug|Any CPU.Build.0 = Debug|Any CPU
		{0F4C7062-A94C-4452-AEEA-35D359A8CCDB}.Debug|x64.ActiveCfg = Debug|Any CPU
		{0F4C7062-A94C-4452-AEEA-35D359A8CCDB}.Debug|x64.Build.0 = Debug|Any CPU
		{0F4C7062-A94C-4452-AEEA-35D359A8CCDB}.Debug|x86.ActiveCfg = Debug|Any CPU
		{0F4C7062-A94C-4452-AEEA-35D359A8CCDB}.Debug|x86.Build.0 = Debug|Any CPU
		{0F4C7062-A94C-4452-AEEA-35D359A8CCDB}.Release|Any CPU.ActiveCfg = Release|Any CPU
		{0F4C7062-A94C-4452-AEEA-35D359A8CCDB}.Release|Any CPU.Build.0 = Release|Any CPU
		{0F4C7062-A94C-4452-AEEA-35D359A8CCDB}.Release|x64.ActiveCfg = Release|Any CPU
		{0F4C7062-A94C-4452-AEEA-35D359A8CCDB}.Release|x64.Build.0 = Release|Any CPU
		{0F4C7062-A94C-4452-AEEA-35D359A8CCDB}.Release|x86.ActiveCfg = Release|Any CPU
		{0F4C7062-A94C-4452-AEEA-35D359A8CCDB}.Release|x86.Build.0 = Release|Any CPU
		{250E3EBB-4253-4890-8CF8-E421AC6350B2}.Debug|Any CPU.ActiveCfg = Debug|Any CPU
		{250E3EBB-4253-4890-8CF8-E421AC6350B2}.Debug|Any CPU.Build.0 = Debug|Any CPU
		{250E3EBB-4253-4890-8CF8-E421AC6350B2}.Debug|x64.ActiveCfg = Debug|Any CPU
		{250E3EBB-4253-4890-8CF8-E421AC6350B2}.Debug|x64.Build.0 = Debug|Any CPU
		{250E3EBB-4253-4890-8CF8-E421AC6350B2}.Debug|x86.ActiveCfg = Debug|Any CPU
		{250E3EBB-4253-4890-8CF8-E421AC6350B2}.Debug|x86.Build.0 = Debug|Any CPU
		{250E3EBB-4253-4890-8CF8-E421AC6350B2}.Release|Any CPU.ActiveCfg = Release|Any CPU
		{250E3EBB-4253-4890-8CF8-E421AC6350B2}.Release|Any CPU.Build.0 = Release|Any CPU
		{250E3EBB-4253-4890-8CF8-E421AC6350B2}.Release|x64.ActiveCfg = Release|Any CPU
		{250E3EBB-4253-4890-8CF8-E421AC6350B2}.Release|x64.Build.0 = Release|Any CPU
		{250E3EBB-4253-4890-8CF8-E421AC6350B2}.Release|x86.ActiveCfg = Release|Any CPU
		{250E3EBB-4253-4890-8CF8-E421AC6350B2}.Release|x86.Build.0 = Release|Any CPU
		{B3F6AC56-046F-4718-ABEA-94B3F17AB898}.Debug|Any CPU.ActiveCfg = Debug|Any CPU
		{B3F6AC56-046F-4718-ABEA-94B3F17AB898}.Debug|Any CPU.Build.0 = Debug|Any CPU
		{B3F6AC56-046F-4718-ABEA-94B3F17AB898}.Debug|x64.ActiveCfg = Debug|Any CPU
		{B3F6AC56-046F-4718-ABEA-94B3F17AB898}.Debug|x64.Build.0 = Debug|Any CPU
		{B3F6AC56-046F-4718-ABEA-94B3F17AB898}.Debug|x86.ActiveCfg = Debug|Any CPU
		{B3F6AC56-046F-4718-ABEA-94B3F17AB898}.Debug|x86.Build.0 = Debug|Any CPU
		{B3F6AC56-046F-4718-ABEA-94B3F17AB898}.Release|Any CPU.ActiveCfg = Release|Any CPU
		{B3F6AC56-046F-4718-ABEA-94B3F17AB898}.Release|Any CPU.Build.0 = Release|Any CPU
		{B3F6AC56-046F-4718-ABEA-94B3F17AB898}.Release|x64.ActiveCfg = Release|Any CPU
		{B3F6AC56-046F-4718-ABEA-94B3F17AB898}.Release|x64.Build.0 = Release|Any CPU
		{B3F6AC56-046F-4718-ABEA-94B3F17AB898}.Release|x86.ActiveCfg = Release|Any CPU
		{B3F6AC56-046F-4718-ABEA-94B3F17AB898}.Release|x86.Build.0 = Release|Any CPU
		{8B55E568-5E17-43AD-A121-513946AA896A}.Debug|Any CPU.ActiveCfg = Debug|Any CPU
		{8B55E568-5E17-43AD-A121-513946AA896A}.Debug|Any CPU.Build.0 = Debug|Any CPU
		{8B55E568-5E17-43AD-A121-513946AA896A}.Debug|x64.ActiveCfg = Debug|Any CPU
		{8B55E568-5E17-43AD-A121-513946AA896A}.Debug|x64.Build.0 = Debug|Any CPU
		{8B55E568-5E17-43AD-A121-513946AA896A}.Debug|x86.ActiveCfg = Debug|Any CPU
		{8B55E568-5E17-43AD-A121-513946AA896A}.Debug|x86.Build.0 = Debug|Any CPU
		{8B55E568-5E17-43AD-A121-513946AA896A}.Release|Any CPU.ActiveCfg = Release|Any CPU
		{8B55E568-5E17-43AD-A121-513946AA896A}.Release|Any CPU.Build.0 = Release|Any CPU
		{8B55E568-5E17-43AD-A121-513946AA896A}.Release|x64.ActiveCfg = Release|Any CPU
		{8B55E568-5E17-43AD-A121-513946AA896A}.Release|x64.Build.0 = Release|Any CPU
		{8B55E568-5E17-43AD-A121-513946AA896A}.Release|x86.ActiveCfg = Release|Any CPU
		{8B55E568-5E17-43AD-A121-513946AA896A}.Release|x86.Build.0 = Release|Any CPU
		{13EAAB23-24E9-4648-A370-E0767CBFC701}.Debug|Any CPU.ActiveCfg = Debug|Any CPU
		{13EAAB23-24E9-4648-A370-E0767CBFC701}.Debug|Any CPU.Build.0 = Debug|Any CPU
		{13EAAB23-24E9-4648-A370-E0767CBFC701}.Debug|x64.ActiveCfg = Debug|Any CPU
		{13EAAB23-24E9-4648-A370-E0767CBFC701}.Debug|x64.Build.0 = Debug|Any CPU
		{13EAAB23-24E9-4648-A370-E0767CBFC701}.Debug|x86.ActiveCfg = Debug|Any CPU
		{13EAAB23-24E9-4648-A370-E0767CBFC701}.Debug|x86.Build.0 = Debug|Any CPU
		{13EAAB23-24E9-4648-A370-E0767CBFC701}.Release|Any CPU.ActiveCfg = Release|Any CPU
		{13EAAB23-24E9-4648-A370-E0767CBFC701}.Release|Any CPU.Build.0 = Release|Any CPU
		{13EAAB23-24E9-4648-A370-E0767CBFC701}.Release|x64.ActiveCfg = Release|Any CPU
		{13EAAB23-24E9-4648-A370-E0767CBFC701}.Release|x64.Build.0 = Release|Any CPU
		{13EAAB23-24E9-4648-A370-E0767CBFC701}.Release|x86.ActiveCfg = Release|Any CPU
		{13EAAB23-24E9-4648-A370-E0767CBFC701}.Release|x86.Build.0 = Release|Any CPU
		{3E4BE44C-B531-4DC1-98B1-C6A0F78B7822}.Debug|Any CPU.ActiveCfg = Debug|Any CPU
		{3E4BE44C-B531-4DC1-98B1-C6A0F78B7822}.Debug|Any CPU.Build.0 = Debug|Any CPU
		{3E4BE44C-B531-4DC1-98B1-C6A0F78B7822}.Debug|x64.ActiveCfg = Debug|Any CPU
		{3E4BE44C-B531-4DC1-98B1-C6A0F78B7822}.Debug|x64.Build.0 = Debug|Any CPU
		{3E4BE44C-B531-4DC1-98B1-C6A0F78B7822}.Debug|x86.ActiveCfg = Debug|Any CPU
		{3E4BE44C-B531-4DC1-98B1-C6A0F78B7822}.Debug|x86.Build.0 = Debug|Any CPU
		{3E4BE44C-B531-4DC1-98B1-C6A0F78B7822}.Release|Any CPU.ActiveCfg = Release|Any CPU
		{3E4BE44C-B531-4DC1-98B1-C6A0F78B7822}.Release|Any CPU.Build.0 = Release|Any CPU
		{3E4BE44C-B531-4DC1-98B1-C6A0F78B7822}.Release|x64.ActiveCfg = Release|Any CPU
		{3E4BE44C-B531-4DC1-98B1-C6A0F78B7822}.Release|x64.Build.0 = Release|Any CPU
		{3E4BE44C-B531-4DC1-98B1-C6A0F78B7822}.Release|x86.ActiveCfg = Release|Any CPU
		{3E4BE44C-B531-4DC1-98B1-C6A0F78B7822}.Release|x86.Build.0 = Release|Any CPU
	EndGlobalSection
	GlobalSection(SolutionProperties) = preSolution
		HideSolutionNode = FALSE
	EndGlobalSection
	GlobalSection(NestedProjects) = preSolution
		{0F4C7062-A94C-4452-AEEA-35D359A8CCDB} = {827E0CD3-B72D-47B6-A68D-7590B98EB39B}
		{250E3EBB-4253-4890-8CF8-E421AC6350B2} = {827E0CD3-B72D-47B6-A68D-7590B98EB39B}
		{B3F6AC56-046F-4718-ABEA-94B3F17AB898} = {827E0CD3-B72D-47B6-A68D-7590B98EB39B}
		{8B55E568-5E17-43AD-A121-513946AA896A} = {827E0CD3-B72D-47B6-A68D-7590B98EB39B}
		{13EAAB23-24E9-4648-A370-E0767CBFC701} = {0AB3BF05-4346-4AA6-1389-037BE0695223}
		{3E4BE44C-B531-4DC1-98B1-C6A0F78B7822} = {0AB3BF05-4346-4AA6-1389-037BE0695223}
	EndGlobalSection
EndGlobal
